
Microsoft Visual Studio Solution File, Format Version 12.00
# Visual Studio Version 17
VisualStudioVersion = 17.14.36408.4 d17.14
MinimumVisualStudioVersion = 10.0.40219.1
Project("{FAE04EC0-301F-11D3-BF4B-00C04F79EFBC}") = "Catalog.API", "Catalog.API.csproj", "{F7437BC4-3EFA-4445-B147-BA8C0797253C}"
EndProject
Global
	GlobalSection(SolutionConfigurationPlatforms) = preSolution
		Debug|Any CPU = Debug|Any CPU
		Release|Any CPU = Release|Any CPU
	EndGlobalSection
	GlobalSection(ProjectConfigurationPlatforms) = postSolution
		{F7437BC4-3EFA-4445-B147-BA8C0797253C}.Debug|Any CPU.ActiveCfg = Debug|Any CPU
		{F7437BC4-3EFA-4445-B147-BA8C0797253C}.Debug|Any CPU.Build.0 = Debug|Any CPU
		{F7437BC4-3EFA-4445-B147-BA8C0797253C}.Release|Any CPU.ActiveCfg = Release|Any CPU
		{F7437BC4-3EFA-4445-B147-BA8C0797253C}.Release|Any CPU.Build.0 = Release|Any CPU
	EndGlobalSection
	GlobalSection(SolutionProperties) = preSolution
		HideSolutionNode = FALSE
	EndGlobalSection
	GlobalSection(ExtensibilityGlobals) = postSolution
		SolutionGuid = {10877B53-6480-4C15-94BB-14BC22100054}
	EndGlobalSection
EndGlobal
