
Microsoft Visual Studio Solution File, Format Version 12.00
# Visual Studio Version 17
VisualStudioVersion = 17.14.36408.4 d17.14
MinimumVisualStudioVersion = 10.0.40219.1
Project("{FAE04EC0-301F-11D3-BF4B-00C04F79EFBC}") = "Catalog.API", "Catalog.API\Catalog.API.csproj", "{5EE5FDC6-E7F8-47E0-BAFD-71E0087549FB}"
EndProject
Global
	GlobalSection(SolutionConfigurationPlatforms) = preSolution
		Debug|Any CPU = Debug|Any CPU
		Release|Any CPU = Release|Any CPU
	EndGlobalSection
	GlobalSection(ProjectConfigurationPlatforms) = postSolution
		{5EE5FDC6-E7F8-47E0-BAFD-71E0087549FB}.Debug|Any CPU.ActiveCfg = Debug|Any CPU
		{5EE5FDC6-E7F8-47E0-BAFD-71E0087549FB}.Debug|Any CPU.Build.0 = Debug|Any CPU
		{5EE5FDC6-E7F8-47E0-BAFD-71E0087549FB}.Release|Any CPU.ActiveCfg = Release|Any CPU
		{5EE5FDC6-E7F8-47E0-BAFD-71E0087549FB}.Release|Any CPU.Build.0 = Release|Any CPU
	EndGlobalSection
	GlobalSection(SolutionProperties) = preSolution
		HideSolutionNode = FALSE
	EndGlobalSection
	GlobalSection(ExtensibilityGlobals) = postSolution
		SolutionGuid = {A343CB96-881D-422F-B5D0-22EAF3E56F33}
	EndGlobalSection
EndGlobal
