
Microsoft Visual Studio Solution File, Format Version 12.00
# Visual Studio Version 17
VisualStudioVersion = 17.14.36408.4 d17.14
MinimumVisualStudioVersion = 10.0.40219.1
Project("{FAE04EC0-301F-11D3-BF4B-00C04F79EFBC}") = "Catalog.API", "Catalog.API\Catalog.API.csproj", "{411A0AB4-9E79-4DD0-8019-439EBA69DD46}"
EndProject
Global
	GlobalSection(SolutionConfigurationPlatforms) = preSolution
		Debug|Any CPU = Debug|Any CPU
		Release|Any CPU = Release|Any CPU
	EndGlobalSection
	GlobalSection(ProjectConfigurationPlatforms) = postSolution
		{411A0AB4-9E79-4DD0-8019-439EBA69DD46}.Debug|Any CPU.ActiveCfg = Debug|Any CPU
		{411A0AB4-9E79-4DD0-8019-439EBA69DD46}.Debug|Any CPU.Build.0 = Debug|Any CPU
		{411A0AB4-9E79-4DD0-8019-439EBA69DD46}.Release|Any CPU.ActiveCfg = Release|Any CPU
		{411A0AB4-9E79-4DD0-8019-439EBA69DD46}.Release|Any CPU.Build.0 = Release|Any CPU
	EndGlobalSection
	GlobalSection(SolutionProperties) = preSolution
		HideSolutionNode = FALSE
	EndGlobalSection
	GlobalSection(ExtensibilityGlobals) = postSolution
		SolutionGuid = {B5624D3A-FCC6-41E6-BA01-EEBA805F300E}
	EndGlobalSection
EndGlobal
